{
  "requires": true,
  "lockfileVersion": 1,
  "dependencies": {
    "jpickle": {
      "version": "0.4.1",
      "resolved": "https://registry.npmjs.org/jpickle/-/jpickle-0.4.1.tgz",
      "integrity": "sha1-F+6l02JMzOw4+G6JoFmr0FlSNko="
    },
    "pickle": {
      "version": "0.2.0",
      "resolved": "https://registry.npmjs.org/pickle/-/pickle-0.2.0.tgz",
      "integrity": "sha1-G2Ot2jT79rw2cnIj1rst25vRQQY="
    },
    "uniq": {
      "version": "1.0.1",
      "resolved": "https://registry.npmjs.org/uniq/-/uniq-1.0.1.tgz",
      "integrity": "sha1-sxxa6CVIRKOoKBVBzisEuGWnNP8="
    }
  }
}
